
Microsoft Visual Studio Solution File, Format Version 12.00
# Visual Studio Version 16
VisualStudioVersion = 16.0.29519.181
MinimumVisualStudioVersion = 10.0.40219.1
Project("{9A19103F-16F7-4668-BE54-9A1E7A4F7556}") = "MealPlanner", "MealPlanner\MealPlanner.csproj", "{EF104C88-53F1-4FEC-8D20-AC82F451C4DB}"
EndProject
Project("{00D1A9C2-B5F0-4AF3-8072-F6C62B433612}") = "MealPlanner.DB", "MealPlanner.DB\MealPlanner.DB.sqlproj", "{E27A50C6-AF3E-4603-8628-BA7B46BE3FF0}"
EndProject
Project("{FAE04EC0-301F-11D3-BF4B-00C04F79EFBC}") = "MealPlanner.Services", "MealPlanner.Services\MealPlanner.Services.csproj", "{CE80FE2C-91E4-4D9E-802F-82D503F129E0}"
EndProject
Project("{FAE04EC0-301F-11D3-BF4B-00C04F79EFBC}") = "MealPlanner.Models", "MealPlanner.Models\MealPlanner.Models.csproj", "{9CCEC6D5-4DDE-46E4-966B-EAD5D73B5462}"
EndProject
Project("{FAE04EC0-301F-11D3-BF4B-00C04F79EFBC}") = "MealPlanner.Infrastructure", "MealPlanner.Infrastructure\MealPlanner.Infrastructure.csproj", "{117101CB-E74F-42EC-940B-77A187803EF8}"
EndProject
Project("{FAE04EC0-301F-11D3-BF4B-00C04F79EFBC}") = "MealPlanner.Data", "MealPlanner.Data\MealPlanner.Data.csproj", "{04D6CFCE-DF42-433B-A2F0-32D8C992F799}"
EndProject
Global
	GlobalSection(SolutionConfigurationPlatforms) = preSolution
		Debug|Any CPU = Debug|Any CPU
		Release|Any CPU = Release|Any CPU
	EndGlobalSection
	GlobalSection(ProjectConfigurationPlatforms) = postSolution
		{EF104C88-53F1-4FEC-8D20-AC82F451C4DB}.Debug|Any CPU.ActiveCfg = Debug|Any CPU
		{EF104C88-53F1-4FEC-8D20-AC82F451C4DB}.Debug|Any CPU.Build.0 = Debug|Any CPU
		{EF104C88-53F1-4FEC-8D20-AC82F451C4DB}.Release|Any CPU.ActiveCfg = Release|Any CPU
		{EF104C88-53F1-4FEC-8D20-AC82F451C4DB}.Release|Any CPU.Build.0 = Release|Any CPU
		{E27A50C6-AF3E-4603-8628-BA7B46BE3FF0}.Debug|Any CPU.ActiveCfg = Debug|Any CPU
		{E27A50C6-AF3E-4603-8628-BA7B46BE3FF0}.Debug|Any CPU.Build.0 = Debug|Any CPU
		{E27A50C6-AF3E-4603-8628-BA7B46BE3FF0}.Debug|Any CPU.Deploy.0 = Debug|Any CPU
		{E27A50C6-AF3E-4603-8628-BA7B46BE3FF0}.Release|Any CPU.ActiveCfg = Release|Any CPU
		{E27A50C6-AF3E-4603-8628-BA7B46BE3FF0}.Release|Any CPU.Build.0 = Release|Any CPU
		{E27A50C6-AF3E-4603-8628-BA7B46BE3FF0}.Release|Any CPU.Deploy.0 = Release|Any CPU
		{CE80FE2C-91E4-4D9E-802F-82D503F129E0}.Debug|Any CPU.ActiveCfg = Debug|Any CPU
		{CE80FE2C-91E4-4D9E-802F-82D503F129E0}.Debug|Any CPU.Build.0 = Debug|Any CPU
		{CE80FE2C-91E4-4D9E-802F-82D503F129E0}.Release|Any CPU.ActiveCfg = Release|Any CPU
		{CE80FE2C-91E4-4D9E-802F-82D503F129E0}.Release|Any CPU.Build.0 = Release|Any CPU
		{9CCEC6D5-4DDE-46E4-966B-EAD5D73B5462}.Debug|Any CPU.ActiveCfg = Debug|Any CPU
		{9CCEC6D5-4DDE-46E4-966B-EAD5D73B5462}.Debug|Any CPU.Build.0 = Debug|Any CPU
		{9CCEC6D5-4DDE-46E4-966B-EAD5D73B5462}.Release|Any CPU.ActiveCfg = Release|Any CPU
		{9CCEC6D5-4DDE-46E4-966B-EAD5D73B5462}.Release|Any CPU.Build.0 = Release|Any CPU
		{117101CB-E74F-42EC-940B-77A187803EF8}.Debug|Any CPU.ActiveCfg = Debug|Any CPU
		{117101CB-E74F-42EC-940B-77A187803EF8}.Debug|Any CPU.Build.0 = Debug|Any CPU
		{117101CB-E74F-42EC-940B-77A187803EF8}.Release|Any CPU.ActiveCfg = Release|Any CPU
		{117101CB-E74F-42EC-940B-77A187803EF8}.Release|Any CPU.Build.0 = Release|Any CPU
		{04D6CFCE-DF42-433B-A2F0-32D8C992F799}.Debug|Any CPU.ActiveCfg = Debug|Any CPU
		{04D6CFCE-DF42-433B-A2F0-32D8C992F799}.Debug|Any CPU.Build.0 = Debug|Any CPU
		{04D6CFCE-DF42-433B-A2F0-32D8C992F799}.Release|Any CPU.ActiveCfg = Release|Any CPU
		{04D6CFCE-DF42-433B-A2F0-32D8C992F799}.Release|Any CPU.Build.0 = Release|Any CPU
	EndGlobalSection
	GlobalSection(SolutionProperties) = preSolution
		HideSolutionNode = FALSE
	EndGlobalSection
	GlobalSection(ExtensibilityGlobals) = postSolution
		SolutionGuid = {861208E1-246D-493A-AB6B-6ECF08211A15}
	EndGlobalSection
EndGlobal
